
Microsoft Visual Studio Solution File, Format Version 12.00
# Visual Studio 14
VisualStudioVersion = 14.0.25420.1
MinimumVisualStudioVersion = 10.0.40219.1
Project("{FAE04EC0-301F-11D3-BF4B-00C04F79EFBC}") = "ConsoleApplication1", "ConsoleApplication1\ConsoleApplication1.csproj", "{680354E0-DF4C-4D30-9393-8FB50CD59694}"
EndProject
Global
	GlobalSection(SolutionConfigurationPlatforms) = preSolution
		Debug|Any CPU = Debug|Any CPU
		Release|Any CPU = Release|Any CPU
	EndGlobalSection
	GlobalSection(ProjectConfigurationPlatforms) = postSolution
		{680354E0-DF4C-4D30-9393-8FB50CD59694}.Debug|Any CPU.ActiveCfg = Debug|Any CPU
		{680354E0-DF4C-4D30-9393-8FB50CD59694}.Debug|Any CPU.Build.0 = Debug|Any CPU
		{680354E0-DF4C-4D30-9393-8FB50CD59694}.Release|Any CPU.ActiveCfg = Release|Any CPU
		{680354E0-DF4C-4D30-9393-8FB50CD59694}.Release|Any CPU.Build.0 = Release|Any CPU
	EndGlobalSection
	GlobalSection(SolutionProperties) = preSolution
		HideSolutionNode = FALSE
	EndGlobalSection
EndGlobal
